
Microsoft Visual Studio Solution File, Format Version 12.00
# Visual Studio Version 16
VisualStudioVersion = 16.0.31112.23
MinimumVisualStudioVersion = 10.0.40219.1
Project("{FAE04EC0-301F-11D3-BF4B-00C04F79EFBC}") = "admin", "admin\admin.csproj", "{6E16752D-74F6-4531-9703-499A63FC849F}"
EndProject
Global
	GlobalSection(SolutionConfigurationPlatforms) = preSolution
		Debug|Any CPU = Debug|Any CPU
		Release|Any CPU = Release|Any CPU
	EndGlobalSection
	GlobalSection(ProjectConfigurationPlatforms) = postSolution
		{6E16752D-74F6-4531-9703-499A63FC849F}.Debug|Any CPU.ActiveCfg = Debug|Any CPU
		{6E16752D-74F6-4531-9703-499A63FC849F}.Debug|Any CPU.Build.0 = Debug|Any CPU
		{6E16752D-74F6-4531-9703-499A63FC849F}.Release|Any CPU.ActiveCfg = Release|Any CPU
		{6E16752D-74F6-4531-9703-499A63FC849F}.Release|Any CPU.Build.0 = Release|Any CPU
	EndGlobalSection
	GlobalSection(SolutionProperties) = preSolution
		HideSolutionNode = FALSE
	EndGlobalSection
	GlobalSection(ExtensibilityGlobals) = postSolution
		SolutionGuid = {2F2A91E2-3E75-4A74-BCF2-EBF946690967}
	EndGlobalSection
EndGlobal
